
Microsoft Visual Studio Solution File, Format Version 12.00
# Visual Studio Version 17
VisualStudioVersion = 17.13.35931.197
MinimumVisualStudioVersion = 10.0.40219.1
Project("{FAE04EC0-301F-11D3-BF4B-00C04F79EFBC}") = "UserApi", "UserApi\UserApi.csproj", "{7D7B0805-1930-5D23-6E51-7234845C5BE2}"
EndProject
Project("{FAE04EC0-301F-11D3-BF4B-00C04F79EFBC}") = "UploadApi", "UploadApi\UploadApi.csproj", "{E039154C-9427-E298-0348-DF4441995EFC}"
EndProject
Project("{FAE04EC0-301F-11D3-BF4B-00C04F79EFBC}") = "SharedContract", "SharedContract\SharedContract.csproj", "{BA837B27-462B-E056-6976-BEA3209813B4}"
EndProject
Project("{FAE04EC0-301F-11D3-BF4B-00C04F79EFBC}") = "NotificationsApi", "NotificationsApi\NotificationsApi.csproj", "{1D0C9240-3CA9-1DE3-3329-41E921D0D948}"
EndProject
Project("{FAE04EC0-301F-11D3-BF4B-00C04F79EFBC}") = "CommentsApi", "CommentsApi\CommentsApi.csproj", "{C0A0AAEB-E987-00DE-424C-4E73D7E3668A}"
EndProject
Project("{FAE04EC0-301F-11D3-BF4B-00C04F79EFBC}") = "BookCommentsApi.Tests", "CommentsApi.Tests\BookCommentsApi.Tests.csproj", "{520728A5-1E92-FC5E-D951-4893EEF769E3}"
EndProject
Global
	GlobalSection(SolutionConfigurationPlatforms) = preSolution
		Debug|Any CPU = Debug|Any CPU
		Release|Any CPU = Release|Any CPU
	EndGlobalSection
	GlobalSection(ProjectConfigurationPlatforms) = postSolution
		{7D7B0805-1930-5D23-6E51-7234845C5BE2}.Debug|Any CPU.ActiveCfg = Debug|Any CPU
		{7D7B0805-1930-5D23-6E51-7234845C5BE2}.Debug|Any CPU.Build.0 = Debug|Any CPU
		{7D7B0805-1930-5D23-6E51-7234845C5BE2}.Release|Any CPU.ActiveCfg = Release|Any CPU
		{7D7B0805-1930-5D23-6E51-7234845C5BE2}.Release|Any CPU.Build.0 = Release|Any CPU
		{E039154C-9427-E298-0348-DF4441995EFC}.Debug|Any CPU.ActiveCfg = Debug|Any CPU
		{E039154C-9427-E298-0348-DF4441995EFC}.Debug|Any CPU.Build.0 = Debug|Any CPU
		{E039154C-9427-E298-0348-DF4441995EFC}.Release|Any CPU.ActiveCfg = Release|Any CPU
		{E039154C-9427-E298-0348-DF4441995EFC}.Release|Any CPU.Build.0 = Release|Any CPU
		{BA837B27-462B-E056-6976-BEA3209813B4}.Debug|Any CPU.ActiveCfg = Debug|Any CPU
		{BA837B27-462B-E056-6976-BEA3209813B4}.Debug|Any CPU.Build.0 = Debug|Any CPU
		{BA837B27-462B-E056-6976-BEA3209813B4}.Release|Any CPU.ActiveCfg = Release|Any CPU
		{BA837B27-462B-E056-6976-BEA3209813B4}.Release|Any CPU.Build.0 = Release|Any CPU
		{1D0C9240-3CA9-1DE3-3329-41E921D0D948}.Debug|Any CPU.ActiveCfg = Debug|Any CPU
		{1D0C9240-3CA9-1DE3-3329-41E921D0D948}.Debug|Any CPU.Build.0 = Debug|Any CPU
		{1D0C9240-3CA9-1DE3-3329-41E921D0D948}.Release|Any CPU.ActiveCfg = Release|Any CPU
		{1D0C9240-3CA9-1DE3-3329-41E921D0D948}.Release|Any CPU.Build.0 = Release|Any CPU
		{C0A0AAEB-E987-00DE-424C-4E73D7E3668A}.Debug|Any CPU.ActiveCfg = Debug|Any CPU
		{C0A0AAEB-E987-00DE-424C-4E73D7E3668A}.Debug|Any CPU.Build.0 = Debug|Any CPU
		{C0A0AAEB-E987-00DE-424C-4E73D7E3668A}.Release|Any CPU.ActiveCfg = Release|Any CPU
		{C0A0AAEB-E987-00DE-424C-4E73D7E3668A}.Release|Any CPU.Build.0 = Release|Any CPU
		{520728A5-1E92-FC5E-D951-4893EEF769E3}.Debug|Any CPU.ActiveCfg = Debug|Any CPU
		{520728A5-1E92-FC5E-D951-4893EEF769E3}.Debug|Any CPU.Build.0 = Debug|Any CPU
		{520728A5-1E92-FC5E-D951-4893EEF769E3}.Release|Any CPU.ActiveCfg = Release|Any CPU
		{520728A5-1E92-FC5E-D951-4893EEF769E3}.Release|Any CPU.Build.0 = Release|Any CPU
	EndGlobalSection
	GlobalSection(SolutionProperties) = preSolution
		HideSolutionNode = FALSE
	EndGlobalSection
	GlobalSection(ExtensibilityGlobals) = postSolution
		SolutionGuid = {ED496908-8445-4D6E-AFC0-2FDE52430126}
	EndGlobalSection
EndGlobal
